
Microsoft Visual Studio Solution File, Format Version 12.00
# Visual Studio 15
VisualStudioVersion = 15.0.27428.2043
MinimumVisualStudioVersion = 10.0.40219.1
Project("{FAE04EC0-301F-11D3-BF4B-00C04F79EFBC}") = "Pokemon", "Pokemon\Pokemon.csproj", "{31BBB966-7283-4261-9D55-D64B96779141}"
EndProject
Global
	GlobalSection(SolutionConfigurationPlatforms) = preSolution
		Debug|Any CPU = Debug|Any CPU
		Release|Any CPU = Release|Any CPU
	EndGlobalSection
	GlobalSection(ProjectConfigurationPlatforms) = postSolution
		{31BBB966-7283-4261-9D55-D64B96779141}.Debug|Any CPU.ActiveCfg = Debug|Any CPU
		{31BBB966-7283-4261-9D55-D64B96779141}.Debug|Any CPU.Build.0 = Debug|Any CPU
		{31BBB966-7283-4261-9D55-D64B96779141}.Release|Any CPU.ActiveCfg = Release|Any CPU
		{31BBB966-7283-4261-9D55-D64B96779141}.Release|Any CPU.Build.0 = Release|Any CPU
	EndGlobalSection
	GlobalSection(SolutionProperties) = preSolution
		HideSolutionNode = FALSE
	EndGlobalSection
	GlobalSection(ExtensibilityGlobals) = postSolution
		SolutionGuid = {B0F1F4BB-8E6B-45D3-93FE-E021D8EFF644}
	EndGlobalSection
EndGlobal
